Microsoft Visual Studio Solution File, Format Version 12.00
# Visual Studio Version 17
VisualStudioVersion = 17.5.2.0
MinimumVisualStudioVersion = 10.0.40219.1
Project("{FAE04EC0-301F-11D3-BF4B-00C04F79EFBC}") = "Trabalho_So", "Trabalho_So.csproj", "{EACCF2A9-433D-6CAA-A04D-F77D778A78A0}"
EndProject
Global
	GlobalSection(SolutionConfigurationPlatforms) = preSolution
		Debug|Any CPU = Debug|Any CPU
		Release|Any CPU = Release|Any CPU
	EndGlobalSection
	GlobalSection(ProjectConfigurationPlatforms) = postSolution
		{EACCF2A9-433D-6CAA-A04D-F77D778A78A0}.Debug|Any CPU.ActiveCfg = Debug|Any CPU
		{EACCF2A9-433D-6CAA-A04D-F77D778A78A0}.Debug|Any CPU.Build.0 = Debug|Any CPU
		{EACCF2A9-433D-6CAA-A04D-F77D778A78A0}.Release|Any CPU.ActiveCfg = Release|Any CPU
		{EACCF2A9-433D-6CAA-A04D-F77D778A78A0}.Release|Any CPU.Build.0 = Release|Any CPU
	EndGlobalSection
	GlobalSection(SolutionProperties) = preSolution
		HideSolutionNode = FALSE
	EndGlobalSection
	GlobalSection(ExtensibilityGlobals) = postSolution
		SolutionGuid = {57B51D33-5303-4C22-BAF3-0EC55E911F2B}
	EndGlobalSection
EndGlobal
